
Microsoft Visual Studio Solution File, Format Version 12.00
# Visual Studio Version 17
VisualStudioVersion = 17.14.35906.104
MinimumVisualStudioVersion = 10.0.40219.1
Project("{9A19103F-16F7-4668-BE54-9A1E7A4F7556}") = "APILAHJA", "APILAHJA\APILAHJA.csproj", "{E99F2BCD-854C-47D3-B8FA-5F4F8D2FE753}"
EndProject
Project("{2150E333-8FDC-42A3-9474-1A3956D46DE8}") = "Infrastrucure", "Infrastrucure", "{02EA681E-C7D8-13C7-8484-4AC65E1B71E8}"
EndProject
Project("{9A19103F-16F7-4668-BE54-9A1E7A4F7556}") = "AutoGenerator", "AutoGenerator\AutoGenerator.csproj", "{4D2100EE-5AE2-423D-EB4F-EAE39985A26E}"
EndProject
Project("{9A19103F-16F7-4668-BE54-9A1E7A4F7556}") = "AutoGeneratedClass", "AutoGeneratedClass\AutoGeneratedClass.csproj", "{3AE2BDB7-C8DB-8E10-AF37-A02FB4D89523}"
EndProject
Global
	GlobalSection(SolutionConfigurationPlatforms) = preSolution
		Debug|Any CPU = Debug|Any CPU
		Release|Any CPU = Release|Any CPU
	EndGlobalSection
	GlobalSection(ProjectConfigurationPlatforms) = postSolution
		{E99F2BCD-854C-47D3-B8FA-5F4F8D2FE753}.Debug|Any CPU.ActiveCfg = Debug|Any CPU
		{E99F2BCD-854C-47D3-B8FA-5F4F8D2FE753}.Debug|Any CPU.Build.0 = Debug|Any CPU
		{E99F2BCD-854C-47D3-B8FA-5F4F8D2FE753}.Release|Any CPU.ActiveCfg = Release|Any CPU
		{E99F2BCD-854C-47D3-B8FA-5F4F8D2FE753}.Release|Any CPU.Build.0 = Release|Any CPU
		{4D2100EE-5AE2-423D-EB4F-EAE39985A26E}.Debug|Any CPU.ActiveCfg = Debug|Any CPU
		{4D2100EE-5AE2-423D-EB4F-EAE39985A26E}.Debug|Any CPU.Build.0 = Debug|Any CPU
		{4D2100EE-5AE2-423D-EB4F-EAE39985A26E}.Release|Any CPU.ActiveCfg = Release|Any CPU
		{4D2100EE-5AE2-423D-EB4F-EAE39985A26E}.Release|Any CPU.Build.0 = Release|Any CPU
		{3AE2BDB7-C8DB-8E10-AF37-A02FB4D89523}.Debug|Any CPU.ActiveCfg = Debug|Any CPU
		{3AE2BDB7-C8DB-8E10-AF37-A02FB4D89523}.Debug|Any CPU.Build.0 = Debug|Any CPU
		{3AE2BDB7-C8DB-8E10-AF37-A02FB4D89523}.Release|Any CPU.ActiveCfg = Release|Any CPU
		{3AE2BDB7-C8DB-8E10-AF37-A02FB4D89523}.Release|Any CPU.Build.0 = Release|Any CPU
	EndGlobalSection
	GlobalSection(SolutionProperties) = preSolution
		HideSolutionNode = FALSE
	EndGlobalSection
	GlobalSection(ExtensibilityGlobals) = postSolution
		SolutionGuid = {94B94857-1FCB-4498-B18A-D222F15542FB}
	EndGlobalSection
EndGlobal
